Microsoft Visual Studio Solution File, Format Version 12.00
# Visual Studio 2012
Project("{FAE04EC0-301F-11D3-BF4B-00C04F79EFBC}") = "GDpsx_Project", "GDpsx_Project.csproj", "{97385D97-8E21-43CA-9004-3BE1CEBF8935}"
EndProject
Global
	GlobalSection(SolutionConfigurationPlatforms) = preSolution
	Debug|Any CPU = Debug|Any CPU
	ExportDebug|Any CPU = ExportDebug|Any CPU
	ExportRelease|Any CPU = ExportRelease|Any CPU
	EndGlobalSection
	GlobalSection(ProjectConfigurationPlatforms) = postSolution
		{97385D97-8E21-43CA-9004-3BE1CEBF8935}.Debug|Any CPU.ActiveCfg = Debug|Any CPU
		{97385D97-8E21-43CA-9004-3BE1CEBF8935}.Debug|Any CPU.Build.0 = Debug|Any CPU
		{97385D97-8E21-43CA-9004-3BE1CEBF8935}.ExportDebug|Any CPU.ActiveCfg = ExportDebug|Any CPU
		{97385D97-8E21-43CA-9004-3BE1CEBF8935}.ExportDebug|Any CPU.Build.0 = ExportDebug|Any CPU
		{97385D97-8E21-43CA-9004-3BE1CEBF8935}.ExportRelease|Any CPU.ActiveCfg = ExportRelease|Any CPU
		{97385D97-8E21-43CA-9004-3BE1CEBF8935}.ExportRelease|Any CPU.Build.0 = ExportRelease|Any CPU
	EndGlobalSection
EndGlobal
